
Microsoft Visual Studio Solution File, Format Version 12.00
# Visual Studio Version 16
VisualStudioVersion = 16.0.30204.135
MinimumVisualStudioVersion = 10.0.40219.1
Project("{FAE04EC0-301F-11D3-BF4B-00C04F79EFBC}") = "TESTDD", "TESTDD.csproj", "{904D37EC-7797-448E-81C9-3BA027832769}"
EndProject
Global
	GlobalSection(SolutionConfigurationPlatforms) = preSolution
		Debug|Any CPU = Debug|Any CPU
		Release|Any CPU = Release|Any CPU
	EndGlobalSection
	GlobalSection(ProjectConfigurationPlatforms) = postSolution
		{904D37EC-7797-448E-81C9-3BA027832769}.Debug|Any CPU.ActiveCfg = Debug|Any CPU
		{904D37EC-7797-448E-81C9-3BA027832769}.Debug|Any CPU.Build.0 = Debug|Any CPU
		{904D37EC-7797-448E-81C9-3BA027832769}.Release|Any CPU.ActiveCfg = Release|Any CPU
		{904D37EC-7797-448E-81C9-3BA027832769}.Release|Any CPU.Build.0 = Release|Any CPU
	EndGlobalSection
	GlobalSection(SolutionProperties) = preSolution
		HideSolutionNode = FALSE
	EndGlobalSection
	GlobalSection(ExtensibilityGlobals) = postSolution
		SolutionGuid = {165A94C4-CBE0-437A-99A0-96BA8458D503}
	EndGlobalSection
EndGlobal
